
Microsoft Visual Studio Solution File, Format Version 12.00
# Visual Studio 2015
Project("{FAE04EC0-301F-11D3-BF4B-00C04F79EFBC}") = "BeerJam.Plugins", "BeerJam.Plugins.csproj", "{4AAF52C6-7762-643B-8B2F-689958343FEC}"
EndProject
Project("{FAE04EC0-301F-11D3-BF4B-00C04F79EFBC}") = "BeerJam", "BeerJam.csproj", "{C455EE3F-6372-DB9D-F1EC-110D666C09E0}"
EndProject
Project("{FAE04EC0-301F-11D3-BF4B-00C04F79EFBC}") = "BeerJam.Editor.Plugins", "BeerJam.Editor.Plugins.csproj", "{C6EC9377-5839-8C77-DD39-2AEA9DCFE7B1}"
EndProject
Project("{FAE04EC0-301F-11D3-BF4B-00C04F79EFBC}") = "BeerJam.Editor", "BeerJam.Editor.csproj", "{4EEB6AD4-4E0E-438D-F587-F60C5FB8F5B2}"
EndProject
Global
	GlobalSection(SolutionConfigurationPlatforms) = preSolution
		Debug|Any CPU = Debug|Any CPU
		Release|Any CPU = Release|Any CPU
	EndGlobalSection
	GlobalSection(ProjectConfigurationPlatforms) = postSolution
		{4AAF52C6-7762-643B-8B2F-689958343FEC}.Debug|Any CPU.ActiveCfg = Debug|Any CPU
		{4AAF52C6-7762-643B-8B2F-689958343FEC}.Debug|Any CPU.Build.0 = Debug|Any CPU
		{4AAF52C6-7762-643B-8B2F-689958343FEC}.Release|Any CPU.ActiveCfg = Release|Any CPU
		{4AAF52C6-7762-643B-8B2F-689958343FEC}.Release|Any CPU.Build.0 = Release|Any CPU
		{C455EE3F-6372-DB9D-F1EC-110D666C09E0}.Debug|Any CPU.ActiveCfg = Debug|Any CPU
		{C455EE3F-6372-DB9D-F1EC-110D666C09E0}.Debug|Any CPU.Build.0 = Debug|Any CPU
		{C455EE3F-6372-DB9D-F1EC-110D666C09E0}.Release|Any CPU.ActiveCfg = Release|Any CPU
		{C455EE3F-6372-DB9D-F1EC-110D666C09E0}.Release|Any CPU.Build.0 = Release|Any CPU
		{C6EC9377-5839-8C77-DD39-2AEA9DCFE7B1}.Debug|Any CPU.ActiveCfg = Debug|Any CPU
		{C6EC9377-5839-8C77-DD39-2AEA9DCFE7B1}.Debug|Any CPU.Build.0 = Debug|Any CPU
		{C6EC9377-5839-8C77-DD39-2AEA9DCFE7B1}.Release|Any CPU.ActiveCfg = Release|Any CPU
		{C6EC9377-5839-8C77-DD39-2AEA9DCFE7B1}.Release|Any CPU.Build.0 = Release|Any CPU
		{4EEB6AD4-4E0E-438D-F587-F60C5FB8F5B2}.Debug|Any CPU.ActiveCfg = Debug|Any CPU
		{4EEB6AD4-4E0E-438D-F587-F60C5FB8F5B2}.Debug|Any CPU.Build.0 = Debug|Any CPU
		{4EEB6AD4-4E0E-438D-F587-F60C5FB8F5B2}.Release|Any CPU.ActiveCfg = Release|Any CPU
		{4EEB6AD4-4E0E-438D-F587-F60C5FB8F5B2}.Release|Any CPU.Build.0 = Release|Any CPU
	EndGlobalSection
	GlobalSection(SolutionProperties) = preSolution
		HideSolutionNode = FALSE
	EndGlobalSection
EndGlobal
